// !$*UTF8*$!
{
	archiveVersion = 1;
	classes = {
	};
	objectVersion = 77;
	objects = {

/* Begin PBXBuildFile section */
		862B79FC2EC1CDD3003E0717 /* Auth in Frameworks */ = {isa = PBXBuildFile; productRef = 862B79FB2EC1CDD3003E0717 /* Auth */; };
		862B79FE2EC1CDD3003E0717 /* PostgREST in Frameworks */ = {isa = PBXBuildFile; productRef = 862B79FD2EC1CDD3003E0717 /* PostgREST */; };
		862B7A002EC1CDD3003E0717 /* Supabase in Frameworks */ = {isa = PBXBuildFile; productRef = 862B79FF2EC1CDD3003E0717 /* Supabase */; };
/* End PBXBuildFile section */

/* Begin PBXContainerItemProxy section */
		862B79DE2EC1CB6E003E0717 /* PBXContainerItemProxy */ = {
			isa = PBXContainerItemProxy;
			containerPortal = 862B79C32EC1CB6C003E0717 /* Project object */;
			proxyType = 1;
			remoteGlobalIDString = 862B79CA2EC1CB6C003E0717;
			remoteInfo = Afflo;
		};
		862B79E82EC1CB6E003E0717 /* PBXContainerItemProxy */ = {
			isa = PBXContainerItemProxy;
			containerPortal = 862B79C32EC1CB6C003E0717 /* Project object */;
			proxyType = 1;
			remoteGlobalIDString = 862B79CA2EC1CB6C003E0717;
			remoteInfo = Afflo;
		};
/* End PBXContainerItemProxy section */

/* Begin PBXFileReference section */
		862B79CB2EC1CB6C003E0717 /* Afflo.app */ = {isa = PBXFileReference; explicitFileType = wrapper.application; includeInIndex = 0; path = Afflo.app; sourceTree = BUILT_PRODUCTS_DIR; };
		862B79DD2EC1CB6E003E0717 /* AffloTests.xctest */ = {isa = PBXFileReference; explicitFileType = wrapper.cfbundle; includeInIndex = 0; path = AffloTests.xctest; sourceTree = BUILT_PRODUCTS_DIR; };
		862B79E72EC1CB6E003E0717 /* AffloUITests.xctest */ = {isa = PBXFileReference; explicitFileType = wrapper.cfbundle; includeInIndex = 0; path = AffloUITests.xctest; sourceTree = BUILT_PRODUCTS_DIR; };
/* End PBXFileReference section */

/* Begin PBXFileSystemSynchronizedBuildFileExceptionSet section */
		862B7A152EC1D06D003E0717 /* Exceptions for "Afflo" folder in "Afflo" target */ = {
			isa = PBXFileSystemSynchronizedBuildFileExceptionSet;
			membershipExceptions = (
				Info.plist,
			);
			target = 862B79CA2EC1CB6C003E0717 /* Afflo */;
		};
/* End PBXFileSystemSynchronizedBuildFileExceptionSet section */

/* Begin PBXFileSystemSynchronizedRootGroup section */
		862B79CD2EC1CB6C003E0717 /* Afflo */ = {
			isa = PBXFileSystemSynchronizedRootGroup;
			exceptions = (
				862B7A152EC1D06D003E0717 /* Exceptions for "Afflo" folder in "Afflo" target */,
			);
			path = Afflo;
			sourceTree = "<group>";
		};
		862B79E02EC1CB6E003E0717 /* AffloTests */ = {
			isa = PBXFileSystemSynchronizedRootGroup;
			path = AffloTests;
			sourceTree = "<group>";
		};
		862B79EA2EC1CB6E003E0717 /* AffloUITests */ = {
			isa = PBXFileSystemSynchronizedRootGroup;
			path = AffloUITests;
			sourceTree = "<group>";
		};
/* End PBXFileSystemSynchronizedRootGroup section */

/* Begin PBXFrameworksBuildPhase section */
		862B79C82EC1CB6C003E0717 /* Frameworks */ = {
			isa = PBXFrameworksBuildPhase;
			buildActionMask = 2147483647;
			files = (
				862B79FE2EC1CDD3003E0717 /* PostgREST in Frameworks */,
				862B79FC2EC1CDD3003E0717 /* Auth in Frameworks */,
				862B7A002EC1CDD3003E0717 /* Supabase in Frameworks */,
			);
			runOnlyForDeploymentPostprocessing = 0;
		};
		862B79DA2EC1CB6E003E0717 /* Frameworks */ = {
			isa = PBXFrameworksBuildPhase;
			buildActionMask = 2147483647;
			files = (
			);
			runOnlyForDeploymentPostprocessing = 0;
		};
		862B79E42EC1CB6E003E0717 /* Frameworks */ = {
			isa = PBXFrameworksBuildPhase;
			buildActionMask = 2147483647;
			files = (
			);
			runOnlyForDeploymentPostprocessing = 0;
		};
/* End PBXFrameworksBuildPhase section */

/* Begin PBXGroup section */
		862B79C22EC1CB6C003E0717 = {
			isa = PBXGroup;
			children = (
				862B79CD2EC1CB6C003E0717 /* Afflo */,
				862B79E02EC1CB6E003E0717 /* AffloTests */,
				862B79EA2EC1CB6E003E0717 /* AffloUITests */,
				862B79CC2EC1CB6C003E0717 /* Products */,
			);
			sourceTree = "<group>";
		};
		862B79CC2EC1CB6C003E0717 /* Products */ = {
			isa = PBXGroup;
			children = (
				862B79CB2EC1CB6C003E0717 /* Afflo.app */,
				862B79DD2EC1CB6E003E0717 /* AffloTests.xctest */,
				862B79E72EC1CB6E003E0717 /* AffloUITests.xctest */,
			);
			name = Products;
			sourceTree = "<group>";
		};
/* End PBXGroup section */

/* Begin PBXNativeTarget section */
		862B79CA2EC1CB6C003E0717 /* Afflo */ = {
			isa = PBXNativeTarget;
			buildConfigurationList = 862B79F12EC1CB6E003E0717 /* Build configuration list for PBXNativeTarget "Afflo" */;
			buildPhases = (
				862B79C72EC1CB6C003E0717 /* Sources */,
				862B79C82EC1CB6C003E0717 /* Frameworks */,
				862B79C92EC1CB6C003E0717 /* Resources */,
			);
			buildRules = (
			);
			dependencies = (
			);
			fileSystemSynchronizedGroups = (
				862B79CD2EC1CB6C003E0717 /* Afflo */,
			);
			name = Afflo;
			packageProductDependencies = (
				862B79FB2EC1CDD3003E0717 /* Auth */,
				862B79FD2EC1CDD3003E0717 /* PostgREST */,
				862B79FF2EC1CDD3003E0717 /* Supabase */,
			);
			productName = Afflo;
			productReference = 862B79CB2EC1CB6C003E0717 /* Afflo.app */;
			productType = "com.apple.product-type.application";
		};
		862B79DC2EC1CB6E003E0717 /* AffloTests */ = {
			isa = PBXNativeTarget;
			buildConfigurationList = 862B79F42EC1CB6E003E0717 /* Build configuration list for PBXNativeTarget "AffloTests" */;
			buildPhases = (
				862B79D92EC1CB6E003E0717 /* Sources */,
				862B79DA2EC1CB6E003E0717 /* Frameworks */,
				862B79DB2EC1CB6E003E0717 /* Resources */,
			);
			buildRules = (
			);
			dependencies = (
				862B79DF2EC1CB6E003E0717 /* PBXTargetDependency */,
			);
			fileSystemSynchronizedGroups = (
				862B79E02EC1CB6E003E0717 /* AffloTests */,
			);
			name = AffloTests;
			packageProductDependencies = (
			);
			productName = AffloTests;
			productReference = 862B79DD2EC1CB6E003E0717 /* AffloTests.xctest */;
			productType = "com.apple.product-type.bundle.unit-test";
		};
		862B79E62EC1CB6E003E0717 /* AffloUITests */ = {
			isa = PBXNativeTarget;
			buildConfigurationList = 862B79F72EC1CB6E003E0717 /* Build configuration list for PBXNativeTarget "AffloUITests" */;
			buildPhases = (
				862B79E32EC1CB6E003E0717 /* Sources */,
				862B79E42EC1CB6E003E0717 /* Frameworks */,
				862B79E52EC1CB6E003E0717 /* Resources */,
			);
			buildRules = (
			);
			dependencies = (
				862B79E92EC1CB6E003E0717 /* PBXTargetDependency */,
			);
			fileSystemSynchronizedGroups = (
				862B79EA2EC1CB6E003E0717 /* AffloUITests */,
			);
			name = AffloUITests;
			packageProductDependencies = (
			);
			productName = AffloUITests;
			productReference = 862B79E72EC1CB6E003E0717 /* AffloUITests.xctest */;
			productType = "com.apple.product-type.bundle.ui-testing";
		};
/* End PBXNativeTarget section */

/* Begin PBXProject section */
		862B79C32EC1CB6C003E0717 /* Project object */ = {
			isa = PBXProject;
			attributes = {
				BuildIndependentTargetsInParallel = 1;
				LastSwiftUpdateCheck = 2610;
				LastUpgradeCheck = 2610;
				TargetAttributes = {
					862B79CA2EC1CB6C003E0717 = {
						CreatedOnToolsVersion = 26.1;
					};
					862B79DC2EC1CB6E003E0717 = {
						CreatedOnToolsVersion = 26.1;
						TestTargetID = 862B79CA2EC1CB6C003E0717;
					};
					862B79E62EC1CB6E003E0717 = {
						CreatedOnToolsVersion = 26.1;
						TestTargetID = 862B79CA2EC1CB6C003E0717;
					};
				};
			};
			buildConfigurationList = 862B79C62EC1CB6C003E0717 /* Build configuration list for PBXProject "Afflo" */;
			developmentRegion = en;
			hasScannedForEncodings = 0;
			knownRegions = (
				en,
				Base,
			);
			mainGroup = 862B79C22EC1CB6C003E0717;
			minimizedProjectReferenceProxies = 1;
			packageReferences = (
				862B79FA2EC1CDD3003E0717 /* XCRemoteSwiftPackageReference "supabase-swift" */,
			);
			preferredProjectObjectVersion = 77;
			productRefGroup = 862B79CC2EC1CB6C003E0717 /* Products */;
			projectDirPath = "";
			projectRoot = "";
			targets = (
				862B79CA2EC1CB6C003E0717 /* Afflo */,
				862B79DC2EC1CB6E003E0717 /* AffloTests */,
				862B79E62EC1CB6E003E0717 /* AffloUITests */,
			);
		};
/* End PBXProject section */

/* Begin PBXResourcesBuildPhase section */
		862B79C92EC1CB6C003E0717 /* Resources */ = {
			isa = PBXResourcesBuildPhase;
			buildActionMask = 2147483647;
			files = (
			);
			runOnlyForDeploymentPostprocessing = 0;
		};
		862B79DB2EC1CB6E003E0717 /* Resources */ = {
			isa = PBXResourcesBuildPhase;
			buildActionMask = 2147483647;
			files = (
			);
			runOnlyForDeploymentPostprocessing = 0;
		};
		862B79E52EC1CB6E003E0717 /* Resources */ = {
			isa = PBXResourcesBuildPhase;
			buildActionMask = 2147483647;
			files = (
			);
			runOnlyForDeploymentPostprocessing = 0;
		};
/* End PBXResourcesBuildPhase section */

/* Begin PBXSourcesBuildPhase section */
		862B79C72EC1CB6C003E0717 /* Sources */ = {
			isa = PBXSourcesBuildPhase;
			buildActionMask = 2147483647;
			files = (
			);
			runOnlyForDeploymentPostprocessing = 0;
		};
		862B79D92EC1CB6E003E0717 /* Sources */ = {
			isa = PBXSourcesBuildPhase;
			buildActionMask = 2147483647;
			files = (
			);
			runOnlyForDeploymentPostprocessing = 0;
		};
		862B79E32EC1CB6E003E0717 /* Sources */ = {
			isa = PBXSourcesBuildPhase;
			buildActionMask = 2147483647;
			files = (
			);
			runOnlyForDeploymentPostprocessing = 0;
		};
/* End PBXSourcesBuildPhase section */

/* Begin PBXTargetDependency section */
		862B79DF2EC1CB6E003E0717 /* PBXTargetDependency */ = {
			isa = PBXTargetDependency;
			target = 862B79CA2EC1CB6C003E0717 /* Afflo */;
			targetProxy = 862B79DE2EC1CB6E003E0717 /* PBXContainerItemProxy */;
		};
		862B79E92EC1CB6E003E0717 /* PBXTargetDependency */ = {
			isa = PBXTargetDependency;
			target = 862B79CA2EC1CB6C003E0717 /* Afflo */;
			targetProxy = 862B79E82EC1CB6E003E0717 /* PBXContainerItemProxy */;
		};
/* End PBXTargetDependency section */

/* Begin XCBuildConfiguration section */
		862B79EF2EC1CB6E003E0717 /* Debug */ = {
			isa = XCBuildConfiguration;
			buildSettings = {
				ALWAYS_SEARCH_USER_PATHS = NO;
				ASSETCATALOG_COMPILER_GENERATE_SWIFT_ASSET_SYMBOL_EXTENSIONS = YES;
				CLANG_ANALYZER_NONNULL = YES;
				CLANG_ANALYZER_NUMBER_OBJECT_CONVERSION = YES_AGGRESSIVE;
				CLANG_CXX_LANGUAGE_STANDARD = "gnu++20";
				CLANG_ENABLE_MODULES = YES;
				CLANG_ENABLE_OBJC_ARC = YES;
				CLANG_ENABLE_OBJC_WEAK = YES;
				CLANG_WARN_BLOCK_CAPTURE_AUTORELEASING = YES;
				CLANG_WARN_BOOL_CONVERSION = YES;
				CLANG_WARN_COMMA = YES;
				CLANG_WARN_CONSTANT_CONVERSION = YES;
				CLANG_WARN_DEPRECATED_OBJC_IMPLEMENTATIONS = YES;
				CLANG_WARN_DIRECT_OBJC_ISA_USAGE = YES_ERROR;
				CLANG_WARN_DOCUMENTATION_COMMENTS = YES;
				CLANG_WARN_EMPTY_BODY = YES;
				CLANG_WARN_ENUM_CONVERSION = YES;
				CLANG_WARN_INFINITE_RECURSION = YES;
				CLANG_WARN_INT_CONVERSION = YES;
				CLANG_WARN_NON_LITERAL_NULL_CONVERSION = YES;
				CLANG_WARN_OBJC_IMPLICIT_RETAIN_SELF = YES;
				CLANG_WARN_OBJC_LITERAL_CONVERSION = YES;
				CLANG_WARN_OBJC_ROOT_CLASS = YES_ERROR;
				CLANG_WARN_QUOTED_INCLUDE_IN_FRAMEWORK_HEADER = YES;
				CLANG_WARN_RANGE_LOOP_ANALYSIS = YES;
				CLANG_WARN_STRICT_PROTOTYPES = YES;
				CLANG_WARN_SUSPICIOUS_MOVE = YES;
				CLANG_WARN_UNGUARDED_AVAILABILITY = YES_AGGRESSIVE;
				CLANG_WARN_UNREACHABLE_CODE = YES;
				CLANG_WARN__DUPLICATE_METHOD_MATCH = YES;
				COPY_PHASE_STRIP = NO;
				DEBUG_INFORMATION_FORMAT = dwarf;
				DEVELOPMENT_TEAM = BRZM59634N;
				ENABLE_STRICT_OBJC_MSGSEND = YES;
				ENABLE_TESTABILITY = YES;
				ENABLE_USER_SCRIPT_SANDBOXING = YES;
				GCC_C_LANGUAGE_STANDARD = gnu17;
				GCC_DYNAMIC_NO_PIC = NO;
				GCC_NO_COMMON_BLOCKS = YES;
				GCC_OPTIMIZATION_LEVEL = 0;
				GCC_PREPROCESSOR_DEFINITIONS = (
					"DEBUG=1",
					"$(inherited)",
				);
				GCC_WARN_64_TO_32_BIT_CONVERSION = YES;
				GCC_WARN_ABOUT_RETURN_TYPE = YES_ERROR;
				GCC_WARN_UNDECLARED_SELECTOR = YES;
				GCC_WARN_UNINITIALIZED_AUTOS = YES_AGGRESSIVE;
				GCC_WARN_UNUSED_FUNCTION = YES;
				GCC_WARN_UNUSED_VARIABLE = YES;
				IPHONEOS_DEPLOYMENT_TARGET = 26.1;
				LOCALIZATION_PREFERS_STRING_CATALOGS = YES;
				MTL_ENABLE_DEBUG_INFO = INCLUDE_SOURCE;
				MTL_FAST_MATH = YES;
				ONLY_ACTIVE_ARCH = YES;
				SDKROOT = iphoneos;
				SWIFT_ACTIVE_COMPILATION_CONDITIONS = "DEBUG $(inherited)";
				SWIFT_OPTIMIZATION_LEVEL = "-Onone";
			};
			name = Debug;
		};
		862B79F02EC1CB6E003E0717 /* Release */ = {
			isa = XCBuildConfiguration;
			buildSettings = {
				ALWAYS_SEARCH_USER_PATHS = NO;
				ASSETCATALOG_COMPILER_GENERATE_SWIFT_ASSET_SYMBOL_EXTENSIONS = YES;
				CLANG_ANALYZER_NONNULL = YES;
				CLANG_ANALYZER_NUMBER_OBJECT_CONVERSION = YES_AGGRESSIVE;
				CLANG_CXX_LANGUAGE_STANDARD = "gnu++20";
				CLANG_ENABLE_MODULES = YES;
				CLANG_ENABLE_OBJC_ARC = YES;
				CLANG_ENABLE_OBJC_WEAK = YES;
				CLANG_WARN_BLOCK_CAPTURE_AUTORELEASING = YES;
				CLANG_WARN_BOOL_CONVERSION = YES;
				CLANG_WARN_COMMA = YES;
				CLANG_WARN_CONSTANT_CONVERSION = YES;
				CLANG_WARN_DEPRECATED_OBJC_IMPLEMENTATIONS = YES;
				CLANG_WARN_DIRECT_OBJC_ISA_USAGE = YES_ERROR;
				CLANG_WARN_DOCUMENTATION_COMMENTS = YES;
				CLANG_WARN_EMPTY_BODY = YES;
				CLANG_WARN_ENUM_CONVERSION = YES;
				CLANG_WARN_INFINITE_RECURSION = YES;
				CLANG_WARN_INT_CONVERSION = YES;
				CLANG_WARN_NON_LITERAL_NULL_CONVERSION = YES;
				CLANG_WARN_OBJC_IMPLICIT_RETAIN_SELF = YES;
				CLANG_WARN_OBJC_LITERAL_CONVERSION = YES;
				CLANG_WARN_OBJC_ROOT_CLASS = YES_ERROR;
				CLANG_WARN_QUOTED_INCLUDE_IN_FRAMEWORK_HEADER = YES;
				CLANG_WARN_RANGE_LOOP_ANALYSIS = YES;
				CLANG_WARN_STRICT_PROTOTYPES = YES;
				CLANG_WARN_SUSPICIOUS_MOVE = YES;
				CLANG_WARN_UNGUARDED_AVAILABILITY = YES_AGGRESSIVE;
				CLANG_WARN_UNREACHABLE_CODE = YES;
				CLANG_WARN__DUPLICATE_METHOD_MATCH = YES;
				COPY_PHASE_STRIP = NO;
				DEBUG_INFORMATION_FORMAT = "dwarf-with-dsym";
				DEVELOPMENT_TEAM = BRZM59634N;
				ENABLE_NS_ASSERTIONS = NO;
				ENABLE_STRICT_OBJC_MSGSEND = YES;
				ENABLE_USER_SCRIPT_SANDBOXING = YES;
				GCC_C_LANGUAGE_STANDARD = gnu17;
				GCC_NO_COMMON_BLOCKS = YES;
				GCC_WARN_64_TO_32_BIT_CONVERSION = YES;
				GCC_WARN_ABOUT_RETURN_TYPE = YES_ERROR;
				GCC_WARN_UNDECLARED_SELECTOR = YES;
				GCC_WARN_UNINITIALIZED_AUTOS = YES_AGGRESSIVE;
				GCC_WARN_UNUSED_FUNCTION = YES;
				GCC_WARN_UNUSED_VARIABLE = YES;
				IPHONEOS_DEPLOYMENT_TARGET = 26.1;
				LOCALIZATION_PREFERS_STRING_CATALOGS = YES;
				MTL_ENABLE_DEBUG_INFO = NO;
				MTL_FAST_MATH = YES;
				SDKROOT = iphoneos;
				SWIFT_COMPILATION_MODE = wholemodule;
				VALIDATE_PRODUCT = YES;
			};
			name = Release;
		};
		862B79F22EC1CB6E003E0717 /* Debug */ = {
			isa = XCBuildConfiguration;
			buildSettings = {
				ASSETCATALOG_COMPILER_APPICON_NAME = AppIcon;
				ASSETCATALOG_COMPILER_GLOBAL_ACCENT_COLOR_NAME = AccentColor;
				CODE_SIGN_ENTITLEMENTS = Afflo/Afflo.entitlements;
				CODE_SIGN_STYLE = Automatic;
				CURRENT_PROJECT_VERSION = 1;
				DEVELOPMENT_TEAM = BRZM59634N;
				ENABLE_PREVIEWS = YES;
				GENERATE_INFOPLIST_FILE = YES;
				INFOPLIST_FILE = Afflo/Info.plist;
				INFOPLIST_KEY_UIApplicationSceneManifest_Generation = YES;
				INFOPLIST_KEY_UIApplicationSupportsIndirectInputEvents = YES;
				INFOPLIST_KEY_UILaunchScreen_Generation = YES;
				INFOPLIST_KEY_UISupportedInterfaceOrientations_iPad = "UIInterfaceOrientationPortrait UIInterfaceOrientationPortraitUpsideDown UIInterfaceOrientationLandscapeLeft UIInterfaceOrientationLandscapeRight";
				INFOPLIST_KEY_UISupportedInterfaceOrientations_iPhone = "UIInterfaceOrientationPortrait UIInterfaceOrientationLandscapeLeft UIInterfaceOrientationLandscapeRight";
				LD_RUNPATH_SEARCH_PATHS = (
					"$(inherited)",
					"@executable_path/Frameworks",
				);
				MARKETING_VERSION = 1.0;
				PRODUCT_BUNDLE_IDENTIFIER = com.pavo.afflo.ios;
				PRODUCT_NAME = "$(TARGET_NAME)";
				STRING_CATALOG_GENERATE_SYMBOLS = YES;
				SWIFT_APPROACHABLE_CONCURRENCY = YES;
				SWIFT_DEFAULT_ACTOR_ISOLATION = MainActor;
				SWIFT_EMIT_LOC_STRINGS = YES;
				SWIFT_UPCOMING_FEATURE_MEMBER_IMPORT_VISIBILITY = YES;
				SWIFT_VERSION = 5.0;
				TARGETED_DEVICE_FAMILY = "1,2";
			};
			name = Debug;
		};
		862B79F32EC1CB6E003E0717 /* Release */ = {
			isa = XCBuildConfiguration;
			buildSettings = {
				ASSETCATALOG_COMPILER_APPICON_NAME = AppIcon;
				ASSETCATALOG_COMPILER_GLOBAL_ACCENT_COLOR_NAME = AccentColor;
				CODE_SIGN_ENTITLEMENTS = Afflo/Afflo.entitlements;
				CODE_SIGN_STYLE = Automatic;
				CURRENT_PROJECT_VERSION = 1;
				DEVELOPMENT_TEAM = BRZM59634N;
				ENABLE_PREVIEWS = YES;
				GENERATE_INFOPLIST_FILE = YES;
				INFOPLIST_FILE = Afflo/Info.plist;
				INFOPLIST_KEY_UIApplicationSceneManifest_Generation = YES;
				INFOPLIST_KEY_UIApplicationSupportsIndirectInputEvents = YES;
				INFOPLIST_KEY_UILaunchScreen_Generation = YES;
				INFOPLIST_KEY_UISupportedInterfaceOrientations_iPad = "UIInterfaceOrientationPortrait UIInterfaceOrientationPortraitUpsideDown UIInterfaceOrientationLandscapeLeft UIInterfaceOrientationLandscapeRight";
				INFOPLIST_KEY_UISupportedInterfaceOrientations_iPhone = "UIInterfaceOrientationPortrait UIInterfaceOrientationLandscapeLeft UIInterfaceOrientationLandscapeRight";
				LD_RUNPATH_SEARCH_PATHS = (
					"$(inherited)",
					"@executable_path/Frameworks",
				);
				MARKETING_VERSION = 1.0;
				PRODUCT_BUNDLE_IDENTIFIER = com.pavo.afflo.ios;
				PRODUCT_NAME = "$(TARGET_NAME)";
				STRING_CATALOG_GENERATE_SYMBOLS = YES;
				SWIFT_APPROACHABLE_CONCURRENCY = YES;
				SWIFT_DEFAULT_ACTOR_ISOLATION = MainActor;
				SWIFT_EMIT_LOC_STRINGS = YES;
				SWIFT_UPCOMING_FEATURE_MEMBER_IMPORT_VISIBILITY = YES;
				SWIFT_VERSION = 5.0;
				TARGETED_DEVICE_FAMILY = "1,2";
			};
			name = Release;
		};
		862B79F52EC1CB6E003E0717 /* Debug */ = {
			isa = XCBuildConfiguration;
			buildSettings = {
				BUNDLE_LOADER = "$(TEST_HOST)";
				CODE_SIGN_STYLE = Automatic;
				CURRENT_PROJECT_VERSION = 1;
				DEVELOPMENT_TEAM = BRZM59634N;
				GENERATE_INFOPLIST_FILE = YES;
				IPHONEOS_DEPLOYMENT_TARGET = 26.1;
				MARKETING_VERSION = 1.0;
				PRODUCT_BUNDLE_IDENTIFIER = com.pavo.AffloTests;
				PRODUCT_NAME = "$(TARGET_NAME)";
				STRING_CATALOG_GENERATE_SYMBOLS = NO;
				SWIFT_APPROACHABLE_CONCURRENCY = YES;
				SWIFT_EMIT_LOC_STRINGS = NO;
				SWIFT_UPCOMING_FEATURE_MEMBER_IMPORT_VISIBILITY = YES;
				SWIFT_VERSION = 5.0;
				TARGETED_DEVICE_FAMILY = "1,2";
				TEST_HOST = "$(BUILT_PRODUCTS_DIR)/Afflo.app/$(BUNDLE_EXECUTABLE_FOLDER_PATH)/Afflo";
			};
			name = Debug;
		};
		862B79F62EC1CB6E003E0717 /* Release */ = {
			isa = XCBuildConfiguration;
			buildSettings = {
				BUNDLE_LOADER = "$(TEST_HOST)";
				CODE_SIGN_STYLE = Automatic;
				CURRENT_PROJECT_VERSION = 1;
				DEVELOPMENT_TEAM = BRZM59634N;
				GENERATE_INFOPLIST_FILE = YES;
				IPHONEOS_DEPLOYMENT_TARGET = 26.1;
				MARKETING_VERSION = 1.0;
				PRODUCT_BUNDLE_IDENTIFIER = com.pavo.AffloTests;
				PRODUCT_NAME = "$(TARGET_NAME)";
				STRING_CATALOG_GENERATE_SYMBOLS = NO;
				SWIFT_APPROACHABLE_CONCURRENCY = YES;
				SWIFT_EMIT_LOC_STRINGS = NO;
				SWIFT_UPCOMING_FEATURE_MEMBER_IMPORT_VISIBILITY = YES;
				SWIFT_VERSION = 5.0;
				TARGETED_DEVICE_FAMILY = "1,2";
				TEST_HOST = "$(BUILT_PRODUCTS_DIR)/Afflo.app/$(BUNDLE_EXECUTABLE_FOLDER_PATH)/Afflo";
			};
			name = Release;
		};
		862B79F82EC1CB6E003E0717 /* Debug */ = {
			isa = XCBuildConfiguration;
			buildSettings = {
				CODE_SIGN_STYLE = Automatic;
				CURRENT_PROJECT_VERSION = 1;
				DEVELOPMENT_TEAM = BRZM59634N;
				GENERATE_INFOPLIST_FILE = YES;
				MARKETING_VERSION = 1.0;
				PRODUCT_BUNDLE_IDENTIFIER = com.pavo.AffloUITests;
				PRODUCT_NAME = "$(TARGET_NAME)";
				STRING_CATALOG_GENERATE_SYMBOLS = NO;
				SWIFT_APPROACHABLE_CONCURRENCY = YES;
				SWIFT_EMIT_LOC_STRINGS = NO;
				SWIFT_UPCOMING_FEATURE_MEMBER_IMPORT_VISIBILITY = YES;
				SWIFT_VERSION = 5.0;
				TARGETED_DEVICE_FAMILY = "1,2";
				TEST_TARGET_NAME = Afflo;
			};
			name = Debug;
		};
		862B79F92EC1CB6E003E0717 /* Release */ = {
			isa = XCBuildConfiguration;
			buildSettings = {
				CODE_SIGN_STYLE = Automatic;
				CURRENT_PROJECT_VERSION = 1;
				DEVELOPMENT_TEAM = BRZM59634N;
				GENERATE_INFOPLIST_FILE = YES;
				MARKETING_VERSION = 1.0;
				PRODUCT_BUNDLE_IDENTIFIER = com.pavo.AffloUITests;
				PRODUCT_NAME = "$(TARGET_NAME)";
				STRING_CATALOG_GENERATE_SYMBOLS = NO;
				SWIFT_APPROACHABLE_CONCURRENCY = YES;
				SWIFT_EMIT_LOC_STRINGS = NO;
				SWIFT_UPCOMING_FEATURE_MEMBER_IMPORT_VISIBILITY = YES;
				SWIFT_VERSION = 5.0;
				TARGETED_DEVICE_FAMILY = "1,2";
				TEST_TARGET_NAME = Afflo;
			};
			name = Release;
		};
/* End XCBuildConfiguration section */

/* Begin XCConfigurationList section */
		862B79C62EC1CB6C003E0717 /* Build configuration list for PBXProject "Afflo" */ = {
			isa = XCConfigurationList;
			buildConfigurations = (
				862B79EF2EC1CB6E003E0717 /* Debug */,
				862B79F02EC1CB6E003E0717 /* Release */,
			);
			defaultConfigurationIsVisible = 0;
			defaultConfigurationName = Release;
		};
		862B79F12EC1CB6E003E0717 /* Build configuration list for PBXNativeTarget "Afflo" */ = {
			isa = XCConfigurationList;
			buildConfigurations = (
				862B79F22EC1CB6E003E0717 /* Debug */,
				862B79F32EC1CB6E003E0717 /* Release */,
			);
			defaultConfigurationIsVisible = 0;
			defaultConfigurationName = Release;
		};
		862B79F42EC1CB6E003E0717 /* Build configuration list for PBXNativeTarget "AffloTests" */ = {
			isa = XCConfigurationList;
			buildConfigurations = (
				862B79F52EC1CB6E003E0717 /* Debug */,
				862B79F62EC1CB6E003E0717 /* Release */,
			);
			defaultConfigurationIsVisible = 0;
			defaultConfigurationName = Release;
		};
		862B79F72EC1CB6E003E0717 /* Build configuration list for PBXNativeTarget "AffloUITests" */ = {
			isa = XCConfigurationList;
			buildConfigurations = (
				862B79F82EC1CB6E003E0717 /* Debug */,
				862B79F92EC1CB6E003E0717 /* Release */,
			);
			defaultConfigurationIsVisible = 0;
			defaultConfigurationName = Release;
		};
/* End XCConfigurationList section */

/* Begin XCRemoteSwiftPackageReference section */
		862B79FA2EC1CDD3003E0717 /* XCRemoteSwiftPackageReference "supabase-swift" */ = {
			isa = XCRemoteSwiftPackageReference;
			repositoryURL = "https://github.com/supabase/supabase-swift";
			requirement = {
				kind = upToNextMajorVersion;
				minimumVersion = 2.5.1;
			};
		};
/* End XCRemoteSwiftPackageReference section */

/* Begin XCSwiftPackageProductDependency section */
		862B79FB2EC1CDD3003E0717 /* Auth */ = {
			isa = XCSwiftPackageProductDependency;
			package = 862B79FA2EC1CDD3003E0717 /* XCRemoteSwiftPackageReference "supabase-swift" */;
			productName = Auth;
		};
		862B79FD2EC1CDD3003E0717 /* PostgREST */ = {
			isa = XCSwiftPackageProductDependency;
			package = 862B79FA2EC1CDD3003E0717 /* XCRemoteSwiftPackageReference "supabase-swift" */;
			productName = PostgREST;
		};
		862B79FF2EC1CDD3003E0717 /* Supabase */ = {
			isa = XCSwiftPackageProductDependency;
			package = 862B79FA2EC1CDD3003E0717 /* XCRemoteSwiftPackageReference "supabase-swift" */;
			productName = Supabase;
		};
/* End XCSwiftPackageProductDependency section */
	};
	rootObject = 862B79C32EC1CB6C003E0717 /* Project object */;
}
